// !$*UTF8*$!
{
	archiveVersion = 1;
	classes = {
	};
	objectVersion = 46;
	objects = {

/* Begin PBXBuildFile section */
		CA0A6BB51A8DB9D700DE2734 /* AppDelegate.swift in Sources */ = {isa = PBXBuildFile; fileRef = CA0A6BB41A8DB9D700DE2734 /* AppDelegate.swift */; };
		CA0A6BB71A8DB9D700DE2734 /* ViewController.swift in Sources */ = {isa = PBXBuildFile; fileRef = CA0A6BB61A8DB9D700DE2734 /* ViewController.swift */; };
		CA0A6BBA1A8DB9D700DE2734 /* Main.storyboard in Resources */ = {isa = PBXBuildFile; fileRef = CA0A6BB81A8DB9D700DE2734 /* Main.storyboard */; };
		CA0A6BBC1A8DB9D700DE2734 /* Images.xcassets in Resources */ = {isa = PBXBuildFile; fileRef = CA0A6BBB1A8DB9D700DE2734 /* Images.xcassets */; };
		CA0A6BBF1A8DB9D700DE2734 /* LaunchScreen.xib in Resources */ = {isa = PBXBuildFile; fileRef = CA0A6BBD1A8DB9D700DE2734 /* LaunchScreen.xib */; };
		CA0A6BCB1A8DB9D700DE2734 /* Carousel_AssignmentTests.swift in Sources */ = {isa = PBXBuildFile; fileRef = CA0A6BCA1A8DB9D700DE2734 /* Carousel_AssignmentTests.swift */; };
/* End PBXBuildFile section */

/* Begin PBXContainerItemProxy section */
		CA0A6BC51A8DB9D700DE2734 /* PBXContainerItemProxy */ = {
			isa = PBXContainerItemProxy;
			containerPortal = CA0A6BA71A8DB9D700DE2734 /* Project object */;
			proxyType = 1;
			remoteGlobalIDString = CA0A6BAE1A8DB9D700DE2734;
			remoteInfo = "Carousel Assignment";
		};
/* End PBXContainerItemProxy section */

/* Begin PBXFileReference section */
		CA0A6BAF1A8DB9D700DE2734 /* Carousel Assignment.app */ = {isa = PBXFileReference; explicitFileType = wrapper.application; includeInIndex = 0; path = "Carousel Assignment.app"; sourceTree = BUILT_PRODUCTS_DIR; };
		CA0A6BB31A8DB9D700DE2734 /* Info.plist */ = {isa = PBXFileReference; lastKnownFileType = text.plist.xml; path = Info.plist; sourceTree = "<group>"; };
		CA0A6BB41A8DB9D700DE2734 /* AppDelegate.swift */ = {isa = PBXFileReference; lastKnownFileType = sourcecode.swift; path = AppDelegate.swift; sourceTree = "<group>"; };
		CA0A6BB61A8DB9D700DE2734 /* ViewController.swift */ = {isa = PBXFileReference; lastKnownFileType = sourcecode.swift; path = ViewController.swift; sourceTree = "<group>"; };
		CA0A6BB91A8DB9D700DE2734 /* Base */ = {isa = PBXFileReference; lastKnownFileType = file.storyboard; name = Base; path = Base.lproj/Main.storyboard; sourceTree = "<group>"; };
		CA0A6BBB1A8DB9D700DE2734 /* Images.xcassets */ = {isa = PBXFileReference; lastKnownFileType = folder.assetcatalog; path = Images.xcassets; sourceTree = "<group>"; };
		CA0A6BBE1A8DB9D700DE2734 /* Base */ = {isa = PBXFileReference; lastKnownFileType = file.xib; name = Base; path = Base.lproj/LaunchScreen.xib; sourceTree = "<group>"; };
		CA0A6BC41A8DB9D700DE2734 /* Carousel AssignmentTests.xctest */ = {isa = PBXFileReference; explicitFileType = wrapper.cfbundle; includeInIndex = 0; path = "Carousel AssignmentTests.xctest"; sourceTree = BUILT_PRODUCTS_DIR; };
		CA0A6BC91A8DB9D700DE2734 /* Info.plist */ = {isa = PBXFileReference; lastKnownFileType = text.plist.xml; path = Info.plist; sourceTree = "<group>"; };
		CA0A6BCA1A8DB9D700DE2734 /* Carousel_AssignmentTests.swift */ = {isa = PBXFileReference; lastKnownFileType = sourcecode.swift; path = Carousel_AssignmentTests.swift; sourceTree = "<group>"; };
/* End PBXFileReference section */

/* Begin PBXFrameworksBuildPhase section */
		CA0A6BAC1A8DB9D700DE2734 /* Frameworks */ = {
			isa = PBXFrameworksBuildPhase;
			buildActionMask = 2147483647;
			files = (
			);
			runOnlyForDeploymentPostprocessing = 0;
		};
		CA0A6BC11A8DB9D700DE2734 /* Frameworks */ = {
			isa = PBXFrameworksBuildPhase;
			buildActionMask = 2147483647;
			files = (
			);
			runOnlyForDeploymentPostprocessing = 0;
		};
/* End PBXFrameworksBuildPhase section */

/* Begin PBXGroup section */
		CA0A6BA61A8DB9D700DE2734 = {
			isa = PBXGroup;
			children = (
				CA0A6BB11A8DB9D700DE2734 /* Carousel Assignment */,
				CA0A6BC71A8DB9D700DE2734 /* Carousel AssignmentTests */,
				CA0A6BB01A8DB9D700DE2734 /* Products */,
			);
			sourceTree = "<group>";
		};
		CA0A6BB01A8DB9D700DE2734 /* Products */ = {
			isa = PBXGroup;
			children = (
				CA0A6BAF1A8DB9D700DE2734 /* Carousel Assignment.app */,
				CA0A6BC41A8DB9D700DE2734 /* Carousel AssignmentTests.xctest */,
			);
			name = Products;
			sourceTree = "<group>";
		};
		CA0A6BB11A8DB9D700DE2734 /* Carousel Assignment */ = {
			isa = PBXGroup;
			children = (
				CA0A6BB41A8DB9D700DE2734 /* AppDelegate.swift */,
				CA0A6BB61A8DB9D700DE2734 /* ViewController.swift */,
				CA0A6BB81A8DB9D700DE2734 /* Main.storyboard */,
				CA0A6BBB1A8DB9D700DE2734 /* Images.xcassets */,
				CA0A6BBD1A8DB9D700DE2734 /* LaunchScreen.xib */,
				CA0A6BB21A8DB9D700DE2734 /* Supporting Files */,
			);
			path = "Carousel Assignment";
			sourceTree = "<group>";
		};
		CA0A6BB21A8DB9D700DE2734 /* Supporting Files */ = {
			isa = PBXGroup;
			children = (
				CA0A6BB31A8DB9D700DE2734 /* Info.plist */,
			);
			name = "Supporting Files";
			sourceTree = "<group>";
		};
		CA0A6BC71A8DB9D700DE2734 /* Carousel AssignmentTests */ = {
			isa = PBXGroup;
			children = (
				CA0A6BCA1A8DB9D700DE2734 /* Carousel_AssignmentTests.swift */,
				CA0A6BC81A8DB9D700DE2734 /* Supporting Files */,
			);
			path = "Carousel AssignmentTests";
			sourceTree = "<group>";
		};
		CA0A6BC81A8DB9D700DE2734 /* Supporting Files */ = {
			isa = PBXGroup;
			children = (
				CA0A6BC91A8DB9D700DE2734 /* Info.plist */,
			);
			name = "Supporting Files";
			sourceTree = "<group>";
		};
/* End PBXGroup section */

/* Begin PBXNativeTarget section */
		CA0A6BAE1A8DB9D700DE2734 /* Carousel Assignment */ = {
			isa = PBXNativeTarget;
			buildConfigurationList = CA0A6BCE1A8DB9D700DE2734 /* Build configuration list for PBXNativeTarget "Carousel Assignment" */;
			buildPhases = (
				CA0A6BAB1A8DB9D700DE2734 /* Sources */,
				CA0A6BAC1A8DB9D700DE2734 /* Frameworks */,
				CA0A6BAD1A8DB9D700DE2734 /* Resources */,
			);
			buildRules = (
			);
			dependencies = (
			);
			name = "Carousel Assignment";
			productName = "Carousel Assignment";
			productReference = CA0A6BAF1A8DB9D700DE2734 /* Carousel Assignment.app */;
			productType = "com.apple.product-type.application";
		};
		CA0A6BC31A8DB9D700DE2734 /* Carousel AssignmentTests */ = {
			isa = PBXNativeTarget;
			buildConfigurationList = CA0A6BD11A8DB9D700DE2734 /* Build configuration list for PBXNativeTarget "Carousel AssignmentTests" */;
			buildPhases = (
				CA0A6BC01A8DB9D700DE2734 /* Sources */,
				CA0A6BC11A8DB9D700DE2734 /* Frameworks */,
				CA0A6BC21A8DB9D700DE2734 /* Resources */,
			);
			buildRules = (
			);
			dependencies = (
				CA0A6BC61A8DB9D700DE2734 /* PBXTargetDependency */,
			);
			name = "Carousel AssignmentTests";
			productName = "Carousel AssignmentTests";
			productReference = CA0A6BC41A8DB9D700DE2734 /* Carousel AssignmentTests.xctest */;
			productType = "com.apple.product-type.bundle.unit-test";
		};
/* End PBXNativeTarget section */

/* Begin PBXProject section */
		CA0A6BA71A8DB9D700DE2734 /* Project object */ = {
			isa = PBXProject;
			attributes = {
				LastUpgradeCheck = 0610;
				ORGANIZATIONNAME = "Patrick Wong";
				TargetAttributes = {
					CA0A6BAE1A8DB9D700DE2734 = {
						CreatedOnToolsVersion = 6.1.1;
					};
					CA0A6BC31A8DB9D700DE2734 = {
						CreatedOnToolsVersion = 6.1.1;
						TestTargetID = CA0A6BAE1A8DB9D700DE2734;
					};
				};
			};
			buildConfigurationList = CA0A6BAA1A8DB9D700DE2734 /* Build configuration list for PBXProject "Carousel Assignment" */;
			compatibilityVersion = "Xcode 3.2";
			developmentRegion = English;
			hasScannedForEncodings = 0;
			knownRegions = (
				en,
				Base,
			);
			mainGroup = CA0A6BA61A8DB9D700DE2734;
			productRefGroup = CA0A6BB01A8DB9D700DE2734 /* Products */;
			projectDirPath = "";
			projectRoot = "";
			targets = (
				CA0A6BAE1A8DB9D700DE2734 /* Carousel Assignment */,
				CA0A6BC31A8DB9D700DE2734 /* Carousel AssignmentTests */,
			);
		};
/* End PBXProject section */

/* Begin PBXResourcesBuildPhase section */
		CA0A6BAD1A8DB9D700DE2734 /* Resources */ = {
			isa = PBXResourcesBuildPhase;
			buildActionMask = 2147483647;
			files = (
				CA0A6BBA1A8DB9D700DE2734 /* Main.storyboard in Resources */,
				CA0A6BBF1A8DB9D700DE2734 /* LaunchScreen.xib in Resources */,
				CA0A6BBC1A8DB9D700DE2734 /* Images.xcassets in Resources */,
			);
			runOnlyForDeploymentPostprocessing = 0;
		};
		CA0A6BC21A8DB9D700DE2734 /* Resources */ = {
			isa = PBXResourcesBuildPhase;
			buildActionMask = 2147483647;
			files = (
			);
			runOnlyForDeploymentPostprocessing = 0;
		};
/* End PBXResourcesBuildPhase section */

/* Begin PBXSourcesBuildPhase section */
		CA0A6BAB1A8DB9D700DE2734 /* Sources */ = {
			isa = PBXSourcesBuildPhase;
			buildActionMask = 2147483647;
			files = (
				CA0A6BB71A8DB9D700DE2734 /* ViewController.swift in Sources */,
				CA0A6BB51A8DB9D700DE2734 /* AppDelegate.swift in Sources */,
			);
			runOnlyForDeploymentPostprocessing = 0;
		};
		CA0A6BC01A8DB9D700DE2734 /* Sources */ = {
			isa = PBXSourcesBuildPhase;
			buildActionMask = 2147483647;
			files = (
				CA0A6BCB1A8DB9D700DE2734 /* Carousel_AssignmentTests.swift in Sources */,
			);
			runOnlyForDeploymentPostprocessing = 0;
		};
/* End PBXSourcesBuildPhase section */

/* Begin PBXTargetDependency section */
		CA0A6BC61A8DB9D700DE2734 /* PBXTargetDependency */ = {
			isa = PBXTargetDependency;
			target = CA0A6BAE1A8DB9D700DE2734 /* Carousel Assignment */;
			targetProxy = CA0A6BC51A8DB9D700DE2734 /* PBXContainerItemProxy */;
		};
/* End PBXTargetDependency section */

/* Begin PBXVariantGroup section */
		CA0A6BB81A8DB9D700DE2734 /* Main.storyboard */ = {
			isa = PBXVariantGroup;
			children = (
				CA0A6BB91A8DB9D700DE2734 /* Base */,
			);
			name = Main.storyboard;
			sourceTree = "<group>";
		};
		CA0A6BBD1A8DB9D700DE2734 /* LaunchScreen.xib */ = {
			isa = PBXVariantGroup;
			children = (
				CA0A6BBE1A8DB9D700DE2734 /* Base */,
			);
			name = LaunchScreen.xib;
			sourceTree = "<group>";
		};
/* End PBXVariantGroup section */

/* Begin XCBuildConfiguration section */
		CA0A6BCC1A8DB9D700DE2734 /* Debug */ = {
			isa = XCBuildConfiguration;
			buildSettings = {
				ALWAYS_SEARCH_USER_PATHS = NO;
				CLANG_CXX_LANGUAGE_STANDARD = "gnu++0x";
				CLANG_CXX_LIBRARY = "libc++";
				CLANG_ENABLE_MODULES = YES;
				CLANG_ENABLE_OBJC_ARC = YES;
				CLANG_WARN_BOOL_CONVERSION = YES;
				CLANG_WARN_CONSTANT_CONVERSION = YES;
				CLANG_WARN_DIRECT_OBJC_ISA_USAGE = YES_ERROR;
				CLANG_WARN_EMPTY_BODY = YES;
				CLANG_WARN_ENUM_CONVERSION = YES;
				CLANG_WARN_INT_CONVERSION = YES;
				CLANG_WARN_OBJC_ROOT_CLASS = YES_ERROR;
				CLANG_WARN_UNREACHABLE_CODE = YES;
				CLANG_WARN__DUPLICATE_METHOD_MATCH = YES;
				"CODE_SIGN_IDENTITY[sdk=iphoneos*]" = "iPhone Developer";
				COPY_PHASE_STRIP = NO;
				ENABLE_STRICT_OBJC_MSGSEND = YES;
				GCC_C_LANGUAGE_STANDARD = gnu99;
				GCC_DYNAMIC_NO_PIC = NO;
				GCC_OPTIMIZATION_LEVEL = 0;
				GCC_PREPROCESSOR_DEFINITIONS = (
					"DEBUG=1",
					"$(inherited)",
				);
				GCC_SYMBOLS_PRIVATE_EXTERN = NO;
				GCC_WARN_64_TO_32_BIT_CONVERSION = YES;
				GCC_WARN_ABOUT_RETURN_TYPE = YES_ERROR;
				GCC_WARN_UNDECLARED_SELECTOR = YES;
				GCC_WARN_UNINITIALIZED_AUTOS = YES_AGGRESSIVE;
				GCC_WARN_UNUSED_FUNCTION = YES;
				GCC_WARN_UNUSED_VARIABLE = YES;
				IPHONEOS_DEPLOYMENT_TARGET = 8.1;
				MTL_ENABLE_DEBUG_INFO = YES;
				ONLY_ACTIVE_ARCH = YES;
				SDKROOT = iphoneos;
				SWIFT_OPTIMIZATION_LEVEL = "-Onone";
			};
			name = Debug;
		};
		CA0A6BCD1A8DB9D700DE2734 /* Release */ = {
			isa = XCBuildConfiguration;
			buildSettings = {
				ALWAYS_SEARCH_USER_PATHS = NO;
				CLANG_CXX_LANGUAGE_STANDARD = "gnu++0x";
				CLANG_CXX_LIBRARY = "libc++";
				CLANG_ENABLE_MODULES = YES;
				CLANG_ENABLE_OBJC_ARC = YES;
				CLANG_WARN_BOOL_CONVERSION = YES;
				CLANG_WARN_CONSTANT_CONVERSION = YES;
				CLANG_WARN_DIRECT_OBJC_ISA_USAGE = YES_ERROR;
				CLANG_WARN_EMPTY_BODY = YES;
				CLANG_WARN_ENUM_CONVERSION = YES;
				CLANG_WARN_INT_CONVERSION = YES;
				CLANG_WARN_OBJC_ROOT_CLASS = YES_ERROR;
				CLANG_WARN_UNREACHABLE_CODE = YES;
				CLANG_WARN__DUPLICATE_METHOD_MATCH = YES;
				"CODE_SIGN_IDENTITY[sdk=iphoneos*]" = "iPhone Developer";
				COPY_PHASE_STRIP = YES;
				ENABLE_NS_ASSERTIONS = NO;
				ENABLE_STRICT_OBJC_MSGSEND = YES;
				GCC_C_LANGUAGE_STANDARD = gnu99;
				GCC_WARN_64_TO_32_BIT_CONVERSION = YES;
				GCC_WARN_ABOUT_RETURN_TYPE = YES_ERROR;
				GCC_WARN_UNDECLARED_SELECTOR = YES;
				GCC_WARN_UNINITIALIZED_AUTOS = YES_AGGRESSIVE;
				GCC_WARN_UNUSED_FUNCTION = YES;
				GCC_WARN_UNUSED_VARIABLE = YES;
				IPHONEOS_DEPLOYMENT_TARGET = 8.1;
				MTL_ENABLE_DEBUG_INFO = NO;
				SDKROOT = iphoneos;
				VALIDATE_PRODUCT = YES;
			};
			name = Release;
		};
		CA0A6BCF1A8DB9D700DE2734 /* Debug */ = {
			isa = XCBuildConfiguration;
			buildSettings = {
				ASSETCATALOG_COMPILER_APPICON_NAME = AppIcon;
				INFOPLIST_FILE = "Carousel Assignment/Info.plist";
				LD_RUNPATH_SEARCH_PATHS = "$(inherited) @executable_path/Frameworks";
				PRODUCT_NAME = "$(TARGET_NAME)";
			};
			name = Debug;
		};
		CA0A6BD01A8DB9D700DE2734 /* Release */ = {
			isa = XCBuildConfiguration;
			buildSettings = {
				ASSETCATALOG_COMPILER_APPICON_NAME = AppIcon;
				INFOPLIST_FILE = "Carousel Assignment/Info.plist";
				LD_RUNPATH_SEARCH_PATHS = "$(inherited) @executable_path/Frameworks";
				PRODUCT_NAME = "$(TARGET_NAME)";
			};
			name = Release;
		};
		CA0A6BD21A8DB9D700DE2734 /* Debug */ = {
			isa = XCBuildConfiguration;
			buildSettings = {
				BUNDLE_LOADER = "$(TEST_HOST)";
				FRAMEWORK_SEARCH_PATHS = (
					"$(SDKROOT)/Developer/Library/Frameworks",
					"$(inherited)",
				);
				GCC_PREPROCESSOR_DEFINITIONS = (
					"DEBUG=1",
					"$(inherited)",
				);
				INFOPLIST_FILE = "Carousel AssignmentTests/Info.plist";
				LD_RUNPATH_SEARCH_PATHS = "$(inherited) @executable_path/Frameworks @loader_path/Frameworks";
				PRODUCT_NAME = "$(TARGET_NAME)";
				TEST_HOST = "$(BUILT_PRODUCTS_DIR)/Carousel Assignment.app/Carousel Assignment";
			};
			name = Debug;
		};
		CA0A6BD31A8DB9D700DE2734 /* Release */ = {
			isa = XCBuildConfiguration;
			buildSettings = {
				BUNDLE_LOADER = "$(TEST_HOST)";
				FRAMEWORK_SEARCH_PATHS = (
					"$(SDKROOT)/Developer/Library/Frameworks",
					"$(inherited)",
				);
				INFOPLIST_FILE = "Carousel AssignmentTests/Info.plist";
				LD_RUNPATH_SEARCH_PATHS = "$(inherited) @executable_path/Frameworks @loader_path/Frameworks";
				PRODUCT_NAME = "$(TARGET_NAME)";
				TEST_HOST = "$(BUILT_PRODUCTS_DIR)/Carousel Assignment.app/Carousel Assignment";
			};
			name = Release;
		};
/* End XCBuildConfiguration section */

/* Begin XCConfigurationList section */
		CA0A6BAA1A8DB9D700DE2734 /* Build configuration list for PBXProject "Carousel Assignment" */ = {
			isa = XCConfigurationList;
			buildConfigurations = (
				CA0A6BCC1A8DB9D700DE2734 /* Debug */,
				CA0A6BCD1A8DB9D700DE2734 /* Release */,
			);
			defaultConfigurationIsVisible = 0;
			defaultConfigurationName = Release;
		};
		CA0A6BCE1A8DB9D700DE2734 /* Build configuration list for PBXNativeTarget "Carousel Assignment" */ = {
			isa = XCConfigurationList;
			buildConfigurations = (
				CA0A6BCF1A8DB9D700DE2734 /* Debug */,
				CA0A6BD01A8DB9D700DE2734 /* Release */,
			);
			defaultConfigurationIsVisible = 0;
		};
		CA0A6BD11A8DB9D700DE2734 /* Build configuration list for PBXNativeTarget "Carousel AssignmentTests" */ = {
			isa = XCConfigurationList;
			buildConfigurations = (
				CA0A6BD21A8DB9D700DE2734 /* Debug */,
				CA0A6BD31A8DB9D700DE2734 /* Release */,
			);
			defaultConfigurationIsVisible = 0;
		};
/* End XCConfigurationList section */
	};
	rootObject = CA0A6BA71A8DB9D700DE2734 /* Project object */;
}
